// !$*UTF8*$!
{
	archiveVersion = 1;
	classes = {
	};
	objectVersion = 56;
	objects = {

/* Begin PBXBuildFile section */
		C7501CE62AA8C6FE00520200 /* AccountViewController.swift in Sources */ = {isa = PBXBuildFile; fileRef = C7501CE52AA8C6FE00520200 /* AccountViewController.swift */; };
		C7501CE82AA8C73300520200 /* DrawViewController.swift in Sources */ = {isa = PBXBuildFile; fileRef = C7501CE72AA8C73300520200 /* DrawViewController.swift */; };
		C7501CEA2AA8EC0300520200 /* LogoUIVIew.swift in Sources */ = {isa = PBXBuildFile; fileRef = C7501CE92AA8EC0300520200 /* LogoUIVIew.swift */; };
		C7501CED2AA8EF9000520200 /* MainTableViewCell.swift in Sources */ = {isa = PBXBuildFile; fileRef = C7501CEC2AA8EF9000520200 /* MainTableViewCell.swift */; };
		C7501CEF2AA8EFA100520200 /* ItemTableViewCell.swift in Sources */ = {isa = PBXBuildFile; fileRef = C7501CEE2AA8EFA100520200 /* ItemTableViewCell.swift */; };
		C7501CF22AA9143000520200 /* CharTableViewCell.swift in Sources */ = {isa = PBXBuildFile; fileRef = C7501CF12AA9143000520200 /* CharTableViewCell.swift */; };
		C7501CF42AA9143F00520200 /* CanvasTableViewCell.swift in Sources */ = {isa = PBXBuildFile; fileRef = C7501CF32AA9143F00520200 /* CanvasTableViewCell.swift */; };
		C7501CF62AA91C1200520200 /* FinalMessageTableViewCell.swift in Sources */ = {isa = PBXBuildFile; fileRef = C7501CF52AA91C1200520200 /* FinalMessageTableViewCell.swift */; };
		C7776A092AB225E4005C7C34 /* Source.swift in Sources */ = {isa = PBXBuildFile; fileRef = C7776A082AB225E4005C7C34 /* Source.swift */; };
		C7776A0B2AB24CE4005C7C34 /* MainViewController.swift in Sources */ = {isa = PBXBuildFile; fileRef = C7776A0A2AB24CE4005C7C34 /* MainViewController.swift */; };
		C7776A0D2AB25353005C7C34 /* AccountIconUIView.swift in Sources */ = {isa = PBXBuildFile; fileRef = C7776A0C2AB25353005C7C34 /* AccountIconUIView.swift */; };
		C7FC54192AA7CA5200B840FF /* AppDelegate.swift in Sources */ = {isa = PBXBuildFile; fileRef = C7FC54182AA7CA5200B840FF /* AppDelegate.swift */; };
		C7FC541B2AA7CA5200B840FF /* SceneDelegate.swift in Sources */ = {isa = PBXBuildFile; fileRef = C7FC541A2AA7CA5200B840FF /* SceneDelegate.swift */; };
		C7FC541D2AA7CA5200B840FF /* HomeViewController.swift in Sources */ = {isa = PBXBuildFile; fileRef = C7FC541C2AA7CA5200B840FF /* HomeViewController.swift */; };
		C7FC54222AA7CA5300B840FF /* Assets.xcassets in Resources */ = {isa = PBXBuildFile; fileRef = C7FC54212AA7CA5300B840FF /* Assets.xcassets */; };
		C7FC54252AA7CA5300B840FF /* LaunchScreen.storyboard in Resources */ = {isa = PBXBuildFile; fileRef = C7FC54232AA7CA5300B840FF /* LaunchScreen.storyboard */; };
		C7FC54322AA7CE1A00B840FF /* TabBarVC.swift in Sources */ = {isa = PBXBuildFile; fileRef = C7FC54312AA7CE1A00B840FF /* TabBarVC.swift */; };
		C7FC54352AA7CE9000B840FF /* SpotifyViewController.swift in Sources */ = {isa = PBXBuildFile; fileRef = C7FC54342AA7CE9000B840FF /* SpotifyViewController.swift */; };
/* End PBXBuildFile section */

/* Begin PBXFileReference section */
		C7501CE52AA8C6FE00520200 /* AccountViewController.swift */ = {isa = PBXFileReference; lastKnownFileType = sourcecode.swift; path = AccountViewController.swift; sourceTree = "<group>"; };
		C7501CE72AA8C73300520200 /* DrawViewController.swift */ = {isa = PBXFileReference; lastKnownFileType = sourcecode.swift; path = DrawViewController.swift; sourceTree = "<group>"; };
		C7501CE92AA8EC0300520200 /* LogoUIVIew.swift */ = {isa = PBXFileReference; lastKnownFileType = sourcecode.swift; path = LogoUIVIew.swift; sourceTree = "<group>"; };
		C7501CEC2AA8EF9000520200 /* MainTableViewCell.swift */ = {isa = PBXFileReference; lastKnownFileType = sourcecode.swift; path = MainTableViewCell.swift; sourceTree = "<group>"; };
		C7501CEE2AA8EFA100520200 /* ItemTableViewCell.swift */ = {isa = PBXFileReference; lastKnownFileType = sourcecode.swift; path = ItemTableViewCell.swift; sourceTree = "<group>"; };
		C7501CF12AA9143000520200 /* CharTableViewCell.swift */ = {isa = PBXFileReference; lastKnownFileType = sourcecode.swift; path = CharTableViewCell.swift; sourceTree = "<group>"; };
		C7501CF32AA9143F00520200 /* CanvasTableViewCell.swift */ = {isa = PBXFileReference; lastKnownFileType = sourcecode.swift; path = CanvasTableViewCell.swift; sourceTree = "<group>"; };
		C7501CF52AA91C1200520200 /* FinalMessageTableViewCell.swift */ = {isa = PBXFileReference; lastKnownFileType = sourcecode.swift; path = FinalMessageTableViewCell.swift; sourceTree = "<group>"; };
		C7776A082AB225E4005C7C34 /* Source.swift */ = {isa = PBXFileReference; lastKnownFileType = sourcecode.swift; path = Source.swift; sourceTree = "<group>"; };
		C7776A0A2AB24CE4005C7C34 /* MainViewController.swift */ = {isa = PBXFileReference; lastKnownFileType = sourcecode.swift; path = MainViewController.swift; sourceTree = "<group>"; };
		C7776A0C2AB25353005C7C34 /* AccountIconUIView.swift */ = {isa = PBXFileReference; lastKnownFileType = sourcecode.swift; path = AccountIconUIView.swift; sourceTree = "<group>"; };
		C7FC54152AA7CA5200B840FF /* LutApp.app */ = {isa = PBXFileReference; explicitFileType = wrapper.application; includeInIndex = 0; path = LutApp.app; sourceTree = BUILT_PRODUCTS_DIR; };
		C7FC54182AA7CA5200B840FF /* AppDelegate.swift */ = {isa = PBXFileReference; lastKnownFileType = sourcecode.swift; path = AppDelegate.swift; sourceTree = "<group>"; };
		C7FC541A2AA7CA5200B840FF /* SceneDelegate.swift */ = {isa = PBXFileReference; lastKnownFileType = sourcecode.swift; path = SceneDelegate.swift; sourceTree = "<group>"; };
		C7FC541C2AA7CA5200B840FF /* HomeViewController.swift */ = {isa = PBXFileReference; lastKnownFileType = sourcecode.swift; path = HomeViewController.swift; sourceTree = "<group>"; };
		C7FC54212AA7CA5300B840FF /* Assets.xcassets */ = {isa = PBXFileReference; lastKnownFileType = folder.assetcatalog; path = Assets.xcassets; sourceTree = "<group>"; };
		C7FC54242AA7CA5300B840FF /* Base */ = {isa = PBXFileReference; lastKnownFileType = file.storyboard; name = Base; path = Base.lproj/LaunchScreen.storyboard; sourceTree = "<group>"; };
		C7FC54262AA7CA5300B840FF /* Info.plist */ = {isa = PBXFileReference; lastKnownFileType = text.plist.xml; path = Info.plist; sourceTree = "<group>"; };
		C7FC54312AA7CE1A00B840FF /* TabBarVC.swift */ = {isa = PBXFileReference; lastKnownFileType = sourcecode.swift; path = TabBarVC.swift; sourceTree = "<group>"; };
		C7FC54342AA7CE9000B840FF /* SpotifyViewController.swift */ = {isa = PBXFileReference; lastKnownFileType = sourcecode.swift; path = SpotifyViewController.swift; sourceTree = "<group>"; };
/* End PBXFileReference section */

/* Begin PBXFrameworksBuildPhase section */
		C7FC54122AA7CA5200B840FF /* Frameworks */ = {
			isa = PBXFrameworksBuildPhase;
			buildActionMask = 2147483647;
			files = (
			);
			runOnlyForDeploymentPostprocessing = 0;
		};
/* End PBXFrameworksBuildPhase section */

/* Begin PBXGroup section */
		C7501CEB2AA8ED5B00520200 /* Views */ = {
			isa = PBXGroup;
			children = (
				C7501CE92AA8EC0300520200 /* LogoUIVIew.swift */,
				C7776A0C2AB25353005C7C34 /* AccountIconUIView.swift */,
			);
			path = Views;
			sourceTree = "<group>";
		};
		C7501CF02AA9000700520200 /* Cells */ = {
			isa = PBXGroup;
			children = (
				C7501CEC2AA8EF9000520200 /* MainTableViewCell.swift */,
				C7501CEE2AA8EFA100520200 /* ItemTableViewCell.swift */,
				C7501CF52AA91C1200520200 /* FinalMessageTableViewCell.swift */,
				C7501CF12AA9143000520200 /* CharTableViewCell.swift */,
				C7501CF32AA9143F00520200 /* CanvasTableViewCell.swift */,
			);
			path = Cells;
			sourceTree = "<group>";
		};
		C7FC540C2AA7CA5200B840FF = {
			isa = PBXGroup;
			children = (
				C7FC54172AA7CA5200B840FF /* LutApp */,
				C7FC54162AA7CA5200B840FF /* Products */,
			);
			sourceTree = "<group>";
		};
		C7FC54162AA7CA5200B840FF /* Products */ = {
			isa = PBXGroup;
			children = (
				C7FC54152AA7CA5200B840FF /* LutApp.app */,
			);
			name = Products;
			sourceTree = "<group>";
		};
		C7FC54172AA7CA5200B840FF /* LutApp */ = {
			isa = PBXGroup;
			children = (
				C7FC542D2AA7CC1900B840FF /* Sources */,
				C7FC542C2AA7CC0F00B840FF /* Resources */,
			);
			path = LutApp;
			sourceTree = "<group>";
		};
		C7FC542C2AA7CC0F00B840FF /* Resources */ = {
			isa = PBXGroup;
			children = (
				C7776A082AB225E4005C7C34 /* Source.swift */,
				C7FC54212AA7CA5300B840FF /* Assets.xcassets */,
				C7FC54232AA7CA5300B840FF /* LaunchScreen.storyboard */,
				C7FC54262AA7CA5300B840FF /* Info.plist */,
			);
			path = Resources;
			sourceTree = "<group>";
		};
		C7FC542D2AA7CC1900B840FF /* Sources */ = {
			isa = PBXGroup;
			children = (
				C7501CF02AA9000700520200 /* Cells */,
				C7501CEB2AA8ED5B00520200 /* Views */,
				C7FC54332AA7CE6D00B840FF /* Screens */,
				C7FC54302AA7CDF300B840FF /* Tabbar */,
				C7FC542F2AA7CC7C00B840FF /* SceneDelegate */,
				C7FC542E2AA7CC6F00B840FF /* AppDelegate */,
			);
			path = Sources;
			sourceTree = "<group>";
		};
		C7FC542E2AA7CC6F00B840FF /* AppDelegate */ = {
			isa = PBXGroup;
			children = (
				C7FC54182AA7CA5200B840FF /* AppDelegate.swift */,
			);
			path = AppDelegate;
			sourceTree = "<group>";
		};
		C7FC542F2AA7CC7C00B840FF /* SceneDelegate */ = {
			isa = PBXGroup;
			children = (
				C7FC541A2AA7CA5200B840FF /* SceneDelegate.swift */,
			);
			path = SceneDelegate;
			sourceTree = "<group>";
		};
		C7FC54302AA7CDF300B840FF /* Tabbar */ = {
			isa = PBXGroup;
			children = (
				C7FC54312AA7CE1A00B840FF /* TabBarVC.swift */,
			);
			path = Tabbar;
			sourceTree = "<group>";
		};
		C7FC54332AA7CE6D00B840FF /* Screens */ = {
			isa = PBXGroup;
			children = (
				C7776A0A2AB24CE4005C7C34 /* MainViewController.swift */,
				C7FC541C2AA7CA5200B840FF /* HomeViewController.swift */,
				C7FC54342AA7CE9000B840FF /* SpotifyViewController.swift */,
				C7501CE72AA8C73300520200 /* DrawViewController.swift */,
				C7501CE52AA8C6FE00520200 /* AccountViewController.swift */,
			);
			path = Screens;
			sourceTree = "<group>";
		};
/* End PBXGroup section */

/* Begin PBXNativeTarget section */
		C7FC54142AA7CA5200B840FF /* LutApp */ = {
			isa = PBXNativeTarget;
			buildConfigurationList = C7FC54292AA7CA5300B840FF /* Build configuration list for PBXNativeTarget "LutApp" */;
			buildPhases = (
				C7FC54112AA7CA5200B840FF /* Sources */,
				C7FC54122AA7CA5200B840FF /* Frameworks */,
				C7FC54132AA7CA5200B840FF /* Resources */,
			);
			buildRules = (
			);
			dependencies = (
			);
			name = LutApp;
			productName = LutApp;
			productReference = C7FC54152AA7CA5200B840FF /* LutApp.app */;
			productType = "com.apple.product-type.application";
		};
/* End PBXNativeTarget section */

/* Begin PBXProject section */
		C7FC540D2AA7CA5200B840FF /* Project object */ = {
			isa = PBXProject;
			attributes = {
				BuildIndependentTargetsInParallel = 1;
				LastSwiftUpdateCheck = 1430;
				LastUpgradeCheck = 1430;
				TargetAttributes = {
					C7FC54142AA7CA5200B840FF = {
						CreatedOnToolsVersion = 14.3.1;
					};
				};
			};
			buildConfigurationList = C7FC54102AA7CA5200B840FF /* Build configuration list for PBXProject "LutApp" */;
			compatibilityVersion = "Xcode 14.0";
			developmentRegion = en;
			hasScannedForEncodings = 0;
			knownRegions = (
				en,
				Base,
			);
			mainGroup = C7FC540C2AA7CA5200B840FF;
			productRefGroup = C7FC54162AA7CA5200B840FF /* Products */;
			projectDirPath = "";
			projectRoot = "";
			targets = (
				C7FC54142AA7CA5200B840FF /* LutApp */,
			);
		};
/* End PBXProject section */

/* Begin PBXResourcesBuildPhase section */
		C7FC54132AA7CA5200B840FF /* Resources */ = {
			isa = PBXResourcesBuildPhase;
			buildActionMask = 2147483647;
			files = (
				C7FC54252AA7CA5300B840FF /* LaunchScreen.storyboard in Resources */,
				C7FC54222AA7CA5300B840FF /* Assets.xcassets in Resources */,
			);
			runOnlyForDeploymentPostprocessing = 0;
		};
/* End PBXResourcesBuildPhase section */

/* Begin PBXSourcesBuildPhase section */
		C7FC54112AA7CA5200B840FF /* Sources */ = {
			isa = PBXSourcesBuildPhase;
			buildActionMask = 2147483647;
			files = (
				C7FC54352AA7CE9000B840FF /* SpotifyViewController.swift in Sources */,
				C7776A0D2AB25353005C7C34 /* AccountIconUIView.swift in Sources */,
				C7501CED2AA8EF9000520200 /* MainTableViewCell.swift in Sources */,
				C7501CF22AA9143000520200 /* CharTableViewCell.swift in Sources */,
				C7501CEF2AA8EFA100520200 /* ItemTableViewCell.swift in Sources */,
				C7501CF62AA91C1200520200 /* FinalMessageTableViewCell.swift in Sources */,
				C7FC541D2AA7CA5200B840FF /* HomeViewController.swift in Sources */,
				C7501CE62AA8C6FE00520200 /* AccountViewController.swift in Sources */,
				C7FC54192AA7CA5200B840FF /* AppDelegate.swift in Sources */,
				C7501CE82AA8C73300520200 /* DrawViewController.swift in Sources */,
				C7776A0B2AB24CE4005C7C34 /* MainViewController.swift in Sources */,
				C7501CEA2AA8EC0300520200 /* LogoUIVIew.swift in Sources */,
				C7776A092AB225E4005C7C34 /* Source.swift in Sources */,
				C7FC54322AA7CE1A00B840FF /* TabBarVC.swift in Sources */,
				C7FC541B2AA7CA5200B840FF /* SceneDelegate.swift in Sources */,
				C7501CF42AA9143F00520200 /* CanvasTableViewCell.swift in Sources */,
			);
			runOnlyForDeploymentPostprocessing = 0;
		};
/* End PBXSourcesBuildPhase section */

/* Begin PBXVariantGroup section */
		C7FC54232AA7CA5300B840FF /* LaunchScreen.storyboard */ = {
			isa = PBXVariantGroup;
			children = (
				C7FC54242AA7CA5300B840FF /* Base */,
			);
			name = LaunchScreen.storyboard;
			sourceTree = "<group>";
		};
/* End PBXVariantGroup section */

/* Begin XCBuildConfiguration section */
		C7FC54272AA7CA5300B840FF /* Debug */ = {
			isa = XCBuildConfiguration;
			buildSettings = {
				ALWAYS_SEARCH_USER_PATHS = NO;
				CLANG_ANALYZER_NONNULL = YES;
				CLANG_ANALYZER_NUMBER_OBJECT_CONVERSION = YES_AGGRESSIVE;
				CLANG_CXX_LANGUAGE_STANDARD = "gnu++20";
				CLANG_ENABLE_MODULES = YES;
				CLANG_ENABLE_OBJC_ARC = YES;
				CLANG_ENABLE_OBJC_WEAK = YES;
				CLANG_WARN_BLOCK_CAPTURE_AUTORELEASING = YES;
				CLANG_WARN_BOOL_CONVERSION = YES;
				CLANG_WARN_COMMA = YES;
				CLANG_WARN_CONSTANT_CONVERSION = YES;
				CLANG_WARN_DEPRECATED_OBJC_IMPLEMENTATIONS = YES;
				CLANG_WARN_DIRECT_OBJC_ISA_USAGE = YES_ERROR;
				CLANG_WARN_DOCUMENTATION_COMMENTS = YES;
				CLANG_WARN_EMPTY_BODY = YES;
				CLANG_WARN_ENUM_CONVERSION = YES;
				CLANG_WARN_INFINITE_RECURSION = YES;
				CLANG_WARN_INT_CONVERSION = YES;
				CLANG_WARN_NON_LITERAL_NULL_CONVERSION = YES;
				CLANG_WARN_OBJC_IMPLICIT_RETAIN_SELF = YES;
				CLANG_WARN_OBJC_LITERAL_CONVERSION = YES;
				CLANG_WARN_OBJC_ROOT_CLASS = YES_ERROR;
				CLANG_WARN_QUOTED_INCLUDE_IN_FRAMEWORK_HEADER = YES;
				CLANG_WARN_RANGE_LOOP_ANALYSIS = YES;
				CLANG_WARN_STRICT_PROTOTYPES = YES;
				CLANG_WARN_SUSPICIOUS_MOVE = YES;
				CLANG_WARN_UNGUARDED_AVAILABILITY = YES_AGGRESSIVE;
				CLANG_WARN_UNREACHABLE_CODE = YES;
				CLANG_WARN__DUPLICATE_METHOD_MATCH = YES;
				COPY_PHASE_STRIP = NO;
				DEBUG_INFORMATION_FORMAT = dwarf;
				ENABLE_STRICT_OBJC_MSGSEND = YES;
				ENABLE_TESTABILITY = YES;
				GCC_C_LANGUAGE_STANDARD = gnu11;
				GCC_DYNAMIC_NO_PIC = NO;
				GCC_NO_COMMON_BLOCKS = YES;
				GCC_OPTIMIZATION_LEVEL = 0;
				GCC_PREPROCESSOR_DEFINITIONS = (
					"DEBUG=1",
					"$(inherited)",
				);
				GCC_WARN_64_TO_32_BIT_CONVERSION = YES;
				GCC_WARN_ABOUT_RETURN_TYPE = YES_ERROR;
				GCC_WARN_UNDECLARED_SELECTOR = YES;
				GCC_WARN_UNINITIALIZED_AUTOS = YES_AGGRESSIVE;
				GCC_WARN_UNUSED_FUNCTION = YES;
				GCC_WARN_UNUSED_VARIABLE = YES;
				IPHONEOS_DEPLOYMENT_TARGET = 16.4;
				MTL_ENABLE_DEBUG_INFO = INCLUDE_SOURCE;
				MTL_FAST_MATH = YES;
				ONLY_ACTIVE_ARCH = YES;
				SDKROOT = iphoneos;
				SWIFT_ACTIVE_COMPILATION_CONDITIONS = DEBUG;
				SWIFT_OPTIMIZATION_LEVEL = "-Onone";
			};
			name = Debug;
		};
		C7FC54282AA7CA5300B840FF /* Release */ = {
			isa = XCBuildConfiguration;
			buildSettings = {
				ALWAYS_SEARCH_USER_PATHS = NO;
				CLANG_ANALYZER_NONNULL = YES;
				CLANG_ANALYZER_NUMBER_OBJECT_CONVERSION = YES_AGGRESSIVE;
				CLANG_CXX_LANGUAGE_STANDARD = "gnu++20";
				CLANG_ENABLE_MODULES = YES;
				CLANG_ENABLE_OBJC_ARC = YES;
				CLANG_ENABLE_OBJC_WEAK = YES;
				CLANG_WARN_BLOCK_CAPTURE_AUTORELEASING = YES;
				CLANG_WARN_BOOL_CONVERSION = YES;
				CLANG_WARN_COMMA = YES;
				CLANG_WARN_CONSTANT_CONVERSION = YES;
				CLANG_WARN_DEPRECATED_OBJC_IMPLEMENTATIONS = YES;
				CLANG_WARN_DIRECT_OBJC_ISA_USAGE = YES_ERROR;
				CLANG_WARN_DOCUMENTATION_COMMENTS = YES;
				CLANG_WARN_EMPTY_BODY = YES;
				CLANG_WARN_ENUM_CONVERSION = YES;
				CLANG_WARN_INFINITE_RECURSION = YES;
				CLANG_WARN_INT_CONVERSION = YES;
				CLANG_WARN_NON_LITERAL_NULL_CONVERSION = YES;
				CLANG_WARN_OBJC_IMPLICIT_RETAIN_SELF = YES;
				CLANG_WARN_OBJC_LITERAL_CONVERSION = YES;
				CLANG_WARN_OBJC_ROOT_CLASS = YES_ERROR;
				CLANG_WARN_QUOTED_INCLUDE_IN_FRAMEWORK_HEADER = YES;
				CLANG_WARN_RANGE_LOOP_ANALYSIS = YES;
				CLANG_WARN_STRICT_PROTOTYPES = YES;
				CLANG_WARN_SUSPICIOUS_MOVE = YES;
				CLANG_WARN_UNGUARDED_AVAILABILITY = YES_AGGRESSIVE;
				CLANG_WARN_UNREACHABLE_CODE = YES;
				CLANG_WARN__DUPLICATE_METHOD_MATCH = YES;
				COPY_PHASE_STRIP = NO;
				DEBUG_INFORMATION_FORMAT = "dwarf-with-dsym";
				ENABLE_NS_ASSERTIONS = NO;
				ENABLE_STRICT_OBJC_MSGSEND = YES;
				GCC_C_LANGUAGE_STANDARD = gnu11;
				GCC_NO_COMMON_BLOCKS = YES;
				GCC_WARN_64_TO_32_BIT_CONVERSION = YES;
				GCC_WARN_ABOUT_RETURN_TYPE = YES_ERROR;
				GCC_WARN_UNDECLARED_SELECTOR = YES;
				GCC_WARN_UNINITIALIZED_AUTOS = YES_AGGRESSIVE;
				GCC_WARN_UNUSED_FUNCTION = YES;
				GCC_WARN_UNUSED_VARIABLE = YES;
				IPHONEOS_DEPLOYMENT_TARGET = 16.4;
				MTL_ENABLE_DEBUG_INFO = NO;
				MTL_FAST_MATH = YES;
				SDKROOT = iphoneos;
				SWIFT_COMPILATION_MODE = wholemodule;
				SWIFT_OPTIMIZATION_LEVEL = "-O";
				VALIDATE_PRODUCT = YES;
			};
			name = Release;
		};
		C7FC542A2AA7CA5300B840FF /* Debug */ = {
			isa = XCBuildConfiguration;
			buildSettings = {
				ASSETCATALOG_COMPILER_APPICON_NAME = AppIcon;
				ASSETCATALOG_COMPILER_GLOBAL_ACCENT_COLOR_NAME = AccentColor;
				CODE_SIGN_STYLE = Automatic;
				CURRENT_PROJECT_VERSION = 1;
				DEVELOPMENT_TEAM = TTZ6QG7TT2;
				GENERATE_INFOPLIST_FILE = YES;
				INFOPLIST_FILE = LutApp/Resources/Info.plist;
				INFOPLIST_KEY_UIApplicationSupportsIndirectInputEvents = YES;
				INFOPLIST_KEY_UILaunchStoryboardName = LaunchScreen;
				INFOPLIST_KEY_UISupportedInterfaceOrientations_iPad = "UIInterfaceOrientationPortrait UIInterfaceOrientationPortraitUpsideDown UIInterfaceOrientationLandscapeLeft UIInterfaceOrientationLandscapeRight";
				INFOPLIST_KEY_UISupportedInterfaceOrientations_iPhone = "UIInterfaceOrientationPortrait UIInterfaceOrientationLandscapeLeft UIInterfaceOrientationLandscapeRight";
				IPHONEOS_DEPLOYMENT_TARGET = 15.0;
				LD_RUNPATH_SEARCH_PATHS = (
					"$(inherited)",
					"@executable_path/Frameworks",
				);
				MARKETING_VERSION = 1.0;
				PRODUCT_BUNDLE_IDENTIFIER = cl.rober.LutApp;
				PRODUCT_NAME = "$(TARGET_NAME)";
				SUPPORTED_PLATFORMS = "iphoneos iphonesimulator";
				SUPPORTS_MACCATALYST = NO;
				SUPPORTS_MAC_DESIGNED_FOR_IPHONE_IPAD = NO;
				SWIFT_EMIT_LOC_STRINGS = YES;
				SWIFT_VERSION = 5.0;
				TARGETED_DEVICE_FAMILY = 1;
			};
			name = Debug;
		};
		C7FC542B2AA7CA5300B840FF /* Release */ = {
			isa = XCBuildConfiguration;
			buildSettings = {
				ASSETCATALOG_COMPILER_APPICON_NAME = AppIcon;
				ASSETCATALOG_COMPILER_GLOBAL_ACCENT_COLOR_NAME = AccentColor;
				CODE_SIGN_STYLE = Automatic;
				CURRENT_PROJECT_VERSION = 1;
				DEVELOPMENT_TEAM = TTZ6QG7TT2;
				GENERATE_INFOPLIST_FILE = YES;
				INFOPLIST_FILE = LutApp/Resources/Info.plist;
				INFOPLIST_KEY_UIApplicationSupportsIndirectInputEvents = YES;
				INFOPLIST_KEY_UILaunchStoryboardName = LaunchScreen;
				INFOPLIST_KEY_UISupportedInterfaceOrientations_iPad = "UIInterfaceOrientationPortrait UIInterfaceOrientationPortraitUpsideDown UIInterfaceOrientationLandscapeLeft UIInterfaceOrientationLandscapeRight";
				INFOPLIST_KEY_UISupportedInterfaceOrientations_iPhone = "UIInterfaceOrientationPortrait UIInterfaceOrientationLandscapeLeft UIInterfaceOrientationLandscapeRight";
				IPHONEOS_DEPLOYMENT_TARGET = 15.0;
				LD_RUNPATH_SEARCH_PATHS = (
					"$(inherited)",
					"@executable_path/Frameworks",
				);
				MARKETING_VERSION = 1.0;
				PRODUCT_BUNDLE_IDENTIFIER = cl.rober.LutApp;
				PRODUCT_NAME = "$(TARGET_NAME)";
				SUPPORTED_PLATFORMS = "iphoneos iphonesimulator";
				SUPPORTS_MACCATALYST = NO;
				SUPPORTS_MAC_DESIGNED_FOR_IPHONE_IPAD = NO;
				SWIFT_EMIT_LOC_STRINGS = YES;
				SWIFT_VERSION = 5.0;
				TARGETED_DEVICE_FAMILY = 1;
			};
			name = Release;
		};
/* End XCBuildConfiguration section */

/* Begin XCConfigurationList section */
		C7FC54102AA7CA5200B840FF /* Build configuration list for PBXProject "LutApp" */ = {
			isa = XCConfigurationList;
			buildConfigurations = (
				C7FC54272AA7CA5300B840FF /* Debug */,
				C7FC54282AA7CA5300B840FF /* Release */,
			);
			defaultConfigurationIsVisible = 0;
			defaultConfigurationName = Release;
		};
		C7FC54292AA7CA5300B840FF /* Build configuration list for PBXNativeTarget "LutApp" */ = {
			isa = XCConfigurationList;
			buildConfigurations = (
				C7FC542A2AA7CA5300B840FF /* Debug */,
				C7FC542B2AA7CA5300B840FF /* Release */,
			);
			defaultConfigurationIsVisible = 0;
			defaultConfigurationName = Release;
		};
/* End XCConfigurationList section */
	};
	rootObject = C7FC540D2AA7CA5200B840FF /* Project object */;
}
